{
    "version": 3,
    "terraform_version": "0.11.10",
    "serial": 7,
    "lineage": "7ef6e644-a234-4d82-4d7c-75ed707d4bdb",
    "modules": [
        {
            "path": [
                "root"
            ],
            "outputs": {},
            "resources": {
                "aws_instance.webapp.0": {
                    "type": "aws_instance",
                    "depends_on": [
                        "data.aws_security_group.devops_sg"
                    ],
                    "primary": {
                        "id": "i-01657db3256ff2b00",
                        "attributes": {
                            "ami": "ami-01e0cf6e025c036e4",
                            "arn": "arn:aws:ec2:us-west-2:939159387030:instance/i-01657db3256ff2b00",
                            "associate_public_ip_address": "true",
                            "availability_zone": "us-west-2c",
                            "cpu_core_count": "1",
                            "cpu_threads_per_core": "1",
                            "credit_specification.#": "1",
                            "credit_specification.0.cpu_credits": "standard",
                            "disable_api_termination": "false",
                            "ebs_block_device.#": "0",
                            "ebs_optimized": "false",
                            "ephemeral_block_device.#": "0",
                            "get_password_data": "false",
                            "iam_instance_profile": "",
                            "id": "i-01657db3256ff2b00",
                            "instance_state": "running",
                            "instance_type": "t2.micro",
                            "ipv6_addresses.#": "0",
                            "key_name": "DEVOPS_Practiace",
                            "monitoring": "false",
                            "network_interface.#": "0",
                            "network_interface_id": "eni-073e9116b5a5e5d4b",
                            "password_data": "",
                            "placement_group": "",
                            "primary_network_interface_id": "eni-073e9116b5a5e5d4b",
                            "private_dns": "ip-172-31-0-110.us-west-2.compute.internal",
                            "private_ip": "172.31.0.110",
                            "public_dns": "ec2-18-237-126-111.us-west-2.compute.amazonaws.com",
                            "public_ip": "18.237.126.111",
                            "root_block_device.#": "1",
                            "root_block_device.0.delete_on_termination": "true",
                            "root_block_device.0.iops": "100",
                            "root_block_device.0.volume_id": "vol-07431e3057a28aa90",
                            "root_block_device.0.volume_size": "8",
                            "root_block_device.0.volume_type": "gp2",
                            "security_groups.#": "1",
                            "security_groups.2476538096": "devops_trainning",
                            "source_dest_check": "true",
                            "subnet_id": "subnet-327cb369",
                            "tags.%": "2",
                            "tags.Name": "webapp",
                            "tags.Purpose": "devops",
                            "tenancy": "default",
                            "volume_tags.%": "0",
                            "vpc_security_group_ids.#": "1",
                            "vpc_security_group_ids.1473143273": "sg-0c478527fcada9e0d"
                        },
                        "meta": {
                            "e2bfb730-ecaa-11e6-8f88-34363bc7c4c0": {
                                "create": 600000000000,
                                "delete": 1200000000000,
                                "update": 600000000000
                            },
                            "schema_version": "1"
                        },
                        "tainted": false
                    },
                    "deposed": [],
                    "provider": "provider.aws"
                },
                "aws_instance.webapp.1": {
                    "type": "aws_instance",
                    "depends_on": [
                        "data.aws_security_group.devops_sg"
                    ],
                    "primary": {
                        "id": "i-0e53d5457c952fbd0",
                        "attributes": {
                            "ami": "ami-01e0cf6e025c036e4",
                            "arn": "arn:aws:ec2:us-west-2:939159387030:instance/i-0e53d5457c952fbd0",
                            "associate_public_ip_address": "true",
                            "availability_zone": "us-west-2c",
                            "cpu_core_count": "1",
                            "cpu_threads_per_core": "1",
                            "credit_specification.#": "1",
                            "credit_specification.0.cpu_credits": "standard",
                            "disable_api_termination": "false",
                            "ebs_block_device.#": "0",
                            "ebs_optimized": "false",
                            "ephemeral_block_device.#": "0",
                            "get_password_data": "false",
                            "iam_instance_profile": "",
                            "id": "i-0e53d5457c952fbd0",
                            "instance_state": "running",
                            "instance_type": "t2.micro",
                            "ipv6_addresses.#": "0",
                            "key_name": "DEVOPS_Practiace",
                            "monitoring": "false",
                            "network_interface.#": "0",
                            "network_interface_id": "eni-0a5db3219312fc759",
                            "password_data": "",
                            "placement_group": "",
                            "primary_network_interface_id": "eni-0a5db3219312fc759",
                            "private_dns": "ip-172-31-7-199.us-west-2.compute.internal",
                            "private_ip": "172.31.7.199",
                            "public_dns": "ec2-34-220-133-176.us-west-2.compute.amazonaws.com",
                            "public_ip": "34.220.133.176",
                            "root_block_device.#": "1",
                            "root_block_device.0.delete_on_termination": "true",
                            "root_block_device.0.iops": "100",
                            "root_block_device.0.volume_id": "vol-04c71ecbc81d76452",
                            "root_block_device.0.volume_size": "8",
                            "root_block_device.0.volume_type": "gp2",
                            "security_groups.#": "1",
                            "security_groups.2476538096": "devops_trainning",
                            "source_dest_check": "true",
                            "subnet_id": "subnet-327cb369",
                            "tags.%": "2",
                            "tags.Name": "webapp",
                            "tags.Purpose": "devops",
                            "tenancy": "default",
                            "volume_tags.%": "0",
                            "vpc_security_group_ids.#": "1",
                            "vpc_security_group_ids.1473143273": "sg-0c478527fcada9e0d"
                        },
                        "meta": {
                            "e2bfb730-ecaa-11e6-8f88-34363bc7c4c0": {
                                "create": 600000000000,
                                "delete": 1200000000000,
                                "update": 600000000000
                            },
                            "schema_version": "1"
                        },
                        "tainted": false
                    },
                    "deposed": [],
                    "provider": "provider.aws"
                },
                "aws_instance.webapp.2": {
                    "type": "aws_instance",
                    "depends_on": [
                        "data.aws_security_group.devops_sg"
                    ],
                    "primary": {
                        "id": "i-0ce7b86e345314350",
                        "attributes": {
                            "ami": "ami-01e0cf6e025c036e4",
                            "arn": "arn:aws:ec2:us-west-2:939159387030:instance/i-0ce7b86e345314350",
                            "associate_public_ip_address": "true",
                            "availability_zone": "us-west-2c",
                            "cpu_core_count": "1",
                            "cpu_threads_per_core": "1",
                            "credit_specification.#": "1",
                            "credit_specification.0.cpu_credits": "standard",
                            "disable_api_termination": "false",
                            "ebs_block_device.#": "0",
                            "ebs_optimized": "false",
                            "ephemeral_block_device.#": "0",
                            "get_password_data": "false",
                            "iam_instance_profile": "",
                            "id": "i-0ce7b86e345314350",
                            "instance_state": "running",
                            "instance_type": "t2.micro",
                            "ipv6_addresses.#": "0",
                            "key_name": "DEVOPS_Practiace",
                            "monitoring": "false",
                            "network_interface.#": "0",
                            "network_interface_id": "eni-01216fbc4dee379b4",
                            "password_data": "",
                            "placement_group": "",
                            "primary_network_interface_id": "eni-01216fbc4dee379b4",
                            "private_dns": "ip-172-31-9-16.us-west-2.compute.internal",
                            "private_ip": "172.31.9.16",
                            "public_dns": "ec2-18-237-168-203.us-west-2.compute.amazonaws.com",
                            "public_ip": "18.237.168.203",
                            "root_block_device.#": "1",
                            "root_block_device.0.delete_on_termination": "true",
                            "root_block_device.0.iops": "100",
                            "root_block_device.0.volume_id": "vol-06c9a74328d7d50e2",
                            "root_block_device.0.volume_size": "8",
                            "root_block_device.0.volume_type": "gp2",
                            "security_groups.#": "1",
                            "security_groups.2476538096": "devops_trainning",
                            "source_dest_check": "true",
                            "subnet_id": "subnet-327cb369",
                            "tags.%": "2",
                            "tags.Name": "webapp",
                            "tags.Purpose": "devops",
                            "tenancy": "default",
                            "volume_tags.%": "0",
                            "vpc_security_group_ids.#": "1",
                            "vpc_security_group_ids.1473143273": "sg-0c478527fcada9e0d"
                        },
                        "meta": {
                            "e2bfb730-ecaa-11e6-8f88-34363bc7c4c0": {
                                "create": 600000000000,
                                "delete": 1200000000000,
                                "update": 600000000000
                            },
                            "schema_version": "1"
                        },
                        "tainted": false
                    },
                    "deposed": [],
                    "provider": "provider.aws"
                },
                "aws_instance.webapp.3": {
                    "type": "aws_instance",
                    "depends_on": [
                        "data.aws_security_group.devops_sg"
                    ],
                    "primary": {
                        "id": "i-091308e9e08971a32",
                        "attributes": {
                            "ami": "ami-01e0cf6e025c036e4",
                            "arn": "arn:aws:ec2:us-west-2:939159387030:instance/i-091308e9e08971a32",
                            "associate_public_ip_address": "true",
                            "availability_zone": "us-west-2c",
                            "cpu_core_count": "1",
                            "cpu_threads_per_core": "1",
                            "credit_specification.#": "1",
                            "credit_specification.0.cpu_credits": "standard",
                            "disable_api_termination": "false",
                            "ebs_block_device.#": "0",
                            "ebs_optimized": "false",
                            "ephemeral_block_device.#": "0",
                            "get_password_data": "false",
                            "iam_instance_profile": "",
                            "id": "i-091308e9e08971a32",
                            "instance_state": "running",
                            "instance_type": "t2.micro",
                            "ipv6_addresses.#": "0",
                            "key_name": "DEVOPS_Practiace",
                            "monitoring": "false",
                            "network_interface.#": "0",
                            "network_interface_id": "eni-0f94af905edea3b82",
                            "password_data": "",
                            "placement_group": "",
                            "primary_network_interface_id": "eni-0f94af905edea3b82",
                            "private_dns": "ip-172-31-13-240.us-west-2.compute.internal",
                            "private_ip": "172.31.13.240",
                            "public_dns": "ec2-34-221-195-172.us-west-2.compute.amazonaws.com",
                            "public_ip": "34.221.195.172",
                            "root_block_device.#": "1",
                            "root_block_device.0.delete_on_termination": "true",
                            "root_block_device.0.iops": "100",
                            "root_block_device.0.volume_id": "vol-0e7a929933362f6c3",
                            "root_block_device.0.volume_size": "8",
                            "root_block_device.0.volume_type": "gp2",
                            "security_groups.#": "1",
                            "security_groups.2476538096": "devops_trainning",
                            "source_dest_check": "true",
                            "subnet_id": "subnet-327cb369",
                            "tags.%": "2",
                            "tags.Name": "webapp",
                            "tags.Purpose": "devops",
                            "tenancy": "default",
                            "volume_tags.%": "0",
                            "vpc_security_group_ids.#": "1",
                            "vpc_security_group_ids.1473143273": "sg-0c478527fcada9e0d"
                        },
                        "meta": {
                            "e2bfb730-ecaa-11e6-8f88-34363bc7c4c0": {
                                "create": 600000000000,
                                "delete": 1200000000000,
                                "update": 600000000000
                            },
                            "schema_version": "1"
                        },
                        "tainted": false
                    },
                    "deposed": [],
                    "provider": "provider.aws"
                },
                "data.aws_security_group.devops_sg": {
                    "type": "aws_security_group",
                    "depends_on": [],
                    "primary": {
                        "id": "sg-0c478527fcada9e0d",
                        "attributes": {
                            "arn": "arn:aws:ec2:us-west-2:939159387030:security-group/sg-0c478527fcada9e0d",
                            "description": "devops purpose",
                            "id": "sg-0c478527fcada9e0d",
                            "name": "devops_trainning",
                            "tags.%": "1",
                            "tags.Name": "devops_trainning",
                            "vpc_id": "vpc-6f677108"
                        },
                        "meta": {},
                        "tainted": false
                    },
                    "deposed": [],
                    "provider": "provider.aws"
                }
            },
            "depends_on": []
        }
    ]
}
