{
    "version": 3,
    "terraform_version": "0.11.10",
    "serial": 10,
    "lineage": "7ef6e644-a234-4d82-4d7c-75ed707d4bdb",
    "modules": [
        {
            "path": [
                "root"
            ],
            "outputs": {},
            "resources": {
                "aws_instance.dbserver": {
                    "type": "aws_instance",
                    "depends_on": [
                        "data.aws_security_group.devops_sg"
                    ],
                    "primary": {
                        "id": "i-0bd966958633cf9bf",
                        "attributes": {
                            "ami": "ami-01e0cf6e025c036e4",
                            "arn": "arn:aws:ec2:us-west-2:939159387030:instance/i-0bd966958633cf9bf",
                            "associate_public_ip_address": "true",
                            "availability_zone": "us-west-2c",
                            "cpu_core_count": "1",
                            "cpu_threads_per_core": "1",
                            "credit_specification.#": "1",
                            "credit_specification.0.cpu_credits": "standard",
                            "disable_api_termination": "false",
                            "ebs_block_device.#": "0",
                            "ebs_optimized": "false",
                            "ephemeral_block_device.#": "0",
                            "get_password_data": "false",
                            "iam_instance_profile": "",
                            "id": "i-0bd966958633cf9bf",
                            "instance_state": "running",
                            "instance_type": "t2.micro",
                            "ipv6_addresses.#": "0",
                            "key_name": "DEVOPS_Practiace",
                            "monitoring": "false",
                            "network_interface.#": "0",
                            "network_interface_id": "eni-0b1b3df427cdb887f",
                            "password_data": "",
                            "placement_group": "",
                            "primary_network_interface_id": "eni-0b1b3df427cdb887f",
                            "private_dns": "ip-172-31-10-231.us-west-2.compute.internal",
                            "private_ip": "172.31.10.231",
                            "public_dns": "ec2-34-221-230-70.us-west-2.compute.amazonaws.com",
                            "public_ip": "34.221.230.70",
                            "root_block_device.#": "1",
                            "root_block_device.0.delete_on_termination": "true",
                            "root_block_device.0.iops": "100",
                            "root_block_device.0.volume_id": "vol-0a1945fca303f8927",
                            "root_block_device.0.volume_size": "8",
                            "root_block_device.0.volume_type": "gp2",
                            "security_groups.#": "1",
                            "security_groups.2476538096": "devops_trainning",
                            "source_dest_check": "true",
                            "subnet_id": "subnet-327cb369",
                            "tags.%": "2",
                            "tags.Name": "dbserver",
                            "tags.Purpose": "dbserver",
                            "tenancy": "default",
                            "volume_tags.%": "0",
                            "vpc_security_group_ids.#": "1",
                            "vpc_security_group_ids.1473143273": "sg-0c478527fcada9e0d"
                        },
                        "meta": {
                            "e2bfb730-ecaa-11e6-8f88-34363bc7c4c0": {
                                "create": 600000000000,
                                "delete": 1200000000000,
                                "update": 600000000000
                            },
                            "schema_version": "1"
                        },
                        "tainted": false
                    },
                    "deposed": [],
                    "provider": "provider.aws"
                },
                "aws_instance.webserver.0": {
                    "type": "aws_instance",
                    "depends_on": [
                        "data.aws_security_group.devops_sg"
                    ],
                    "primary": {
                        "id": "i-0ec3ca44fa31fb4d9",
                        "attributes": {
                            "ami": "ami-01e0cf6e025c036e4",
                            "arn": "arn:aws:ec2:us-west-2:939159387030:instance/i-0ec3ca44fa31fb4d9",
                            "associate_public_ip_address": "true",
                            "availability_zone": "us-west-2c",
                            "cpu_core_count": "1",
                            "cpu_threads_per_core": "1",
                            "credit_specification.#": "1",
                            "credit_specification.0.cpu_credits": "standard",
                            "disable_api_termination": "false",
                            "ebs_block_device.#": "0",
                            "ebs_optimized": "false",
                            "ephemeral_block_device.#": "0",
                            "get_password_data": "false",
                            "iam_instance_profile": "",
                            "id": "i-0ec3ca44fa31fb4d9",
                            "instance_state": "running",
                            "instance_type": "t2.micro",
                            "ipv6_addresses.#": "0",
                            "key_name": "DEVOPS_Practiace",
                            "monitoring": "false",
                            "network_interface.#": "0",
                            "network_interface_id": "eni-09781852406363ebe",
                            "password_data": "",
                            "placement_group": "",
                            "primary_network_interface_id": "eni-09781852406363ebe",
                            "private_dns": "ip-172-31-3-163.us-west-2.compute.internal",
                            "private_ip": "172.31.3.163",
                            "public_dns": "ec2-34-219-28-178.us-west-2.compute.amazonaws.com",
                            "public_ip": "34.219.28.178",
                            "root_block_device.#": "1",
                            "root_block_device.0.delete_on_termination": "true",
                            "root_block_device.0.iops": "100",
                            "root_block_device.0.volume_id": "vol-0b46edb94675bcf6c",
                            "root_block_device.0.volume_size": "8",
                            "root_block_device.0.volume_type": "gp2",
                            "security_groups.#": "1",
                            "security_groups.2476538096": "devops_trainning",
                            "source_dest_check": "true",
                            "subnet_id": "subnet-327cb369",
                            "tags.%": "2",
                            "tags.Name": "webserver",
                            "tags.Purpose": "webserver",
                            "tenancy": "default",
                            "volume_tags.%": "0",
                            "vpc_security_group_ids.#": "1",
                            "vpc_security_group_ids.1473143273": "sg-0c478527fcada9e0d"
                        },
                        "meta": {
                            "e2bfb730-ecaa-11e6-8f88-34363bc7c4c0": {
                                "create": 600000000000,
                                "delete": 1200000000000,
                                "update": 600000000000
                            },
                            "schema_version": "1"
                        },
                        "tainted": false
                    },
                    "deposed": [],
                    "provider": "provider.aws"
                },
                "aws_instance.webserver.1": {
                    "type": "aws_instance",
                    "depends_on": [
                        "data.aws_security_group.devops_sg"
                    ],
                    "primary": {
                        "id": "i-0aa7616ae5d8b09dc",
                        "attributes": {
                            "ami": "ami-01e0cf6e025c036e4",
                            "arn": "arn:aws:ec2:us-west-2:939159387030:instance/i-0aa7616ae5d8b09dc",
                            "associate_public_ip_address": "true",
                            "availability_zone": "us-west-2c",
                            "cpu_core_count": "1",
                            "cpu_threads_per_core": "1",
                            "credit_specification.#": "1",
                            "credit_specification.0.cpu_credits": "standard",
                            "disable_api_termination": "false",
                            "ebs_block_device.#": "0",
                            "ebs_optimized": "false",
                            "ephemeral_block_device.#": "0",
                            "get_password_data": "false",
                            "iam_instance_profile": "",
                            "id": "i-0aa7616ae5d8b09dc",
                            "instance_state": "running",
                            "instance_type": "t2.micro",
                            "ipv6_addresses.#": "0",
                            "key_name": "DEVOPS_Practiace",
                            "monitoring": "false",
                            "network_interface.#": "0",
                            "network_interface_id": "eni-0befc0e69b49d02a1",
                            "password_data": "",
                            "placement_group": "",
                            "primary_network_interface_id": "eni-0befc0e69b49d02a1",
                            "private_dns": "ip-172-31-6-91.us-west-2.compute.internal",
                            "private_ip": "172.31.6.91",
                            "public_dns": "ec2-52-42-127-252.us-west-2.compute.amazonaws.com",
                            "public_ip": "52.42.127.252",
                            "root_block_device.#": "1",
                            "root_block_device.0.delete_on_termination": "true",
                            "root_block_device.0.iops": "100",
                            "root_block_device.0.volume_id": "vol-0b652eee8f979b9cc",
                            "root_block_device.0.volume_size": "8",
                            "root_block_device.0.volume_type": "gp2",
                            "security_groups.#": "1",
                            "security_groups.2476538096": "devops_trainning",
                            "source_dest_check": "true",
                            "subnet_id": "subnet-327cb369",
                            "tags.%": "2",
                            "tags.Name": "webserver",
                            "tags.Purpose": "webserver",
                            "tenancy": "default",
                            "volume_tags.%": "0",
                            "vpc_security_group_ids.#": "1",
                            "vpc_security_group_ids.1473143273": "sg-0c478527fcada9e0d"
                        },
                        "meta": {
                            "e2bfb730-ecaa-11e6-8f88-34363bc7c4c0": {
                                "create": 600000000000,
                                "delete": 1200000000000,
                                "update": 600000000000
                            },
                            "schema_version": "1"
                        },
                        "tainted": false
                    },
                    "deposed": [],
                    "provider": "provider.aws"
                },
                "data.aws_security_group.devops_sg": {
                    "type": "aws_security_group",
                    "depends_on": [],
                    "primary": {
                        "id": "sg-0c478527fcada9e0d",
                        "attributes": {
                            "arn": "arn:aws:ec2:us-west-2:939159387030:security-group/sg-0c478527fcada9e0d",
                            "description": "devops purpose",
                            "id": "sg-0c478527fcada9e0d",
                            "name": "devops_trainning",
                            "tags.%": "1",
                            "tags.Name": "devops_trainning",
                            "vpc_id": "vpc-6f677108"
                        },
                        "meta": {},
                        "tainted": false
                    },
                    "deposed": [],
                    "provider": "provider.aws"
                }
            },
            "depends_on": []
        }
    ]
}
