{
    "version": 3,
    "terraform_version": "0.11.10",
    "serial": 5,
    "lineage": "be0345ea-3edf-b2b4-2e6c-d39fa3b7c03e",
    "modules": [
        {
            "path": [
                "root"
            ],
            "outputs": {},
            "resources": {
                "aws_instance.jenkins_server": {
                    "type": "aws_instance",
                    "depends_on": [
                        "aws_security_group.http_public",
                        "data.aws_security_group.devops_sg"
                    ],
                    "primary": {
                        "id": "i-053a590a055914d00",
                        "attributes": {
                            "ami": "ami-01e0cf6e025c036e4",
                            "arn": "arn:aws:ec2:us-west-2:939159387030:instance/i-053a590a055914d00",
                            "associate_public_ip_address": "true",
                            "availability_zone": "us-west-2c",
                            "cpu_core_count": "2",
                            "cpu_threads_per_core": "1",
                            "credit_specification.#": "1",
                            "credit_specification.0.cpu_credits": "standard",
                            "disable_api_termination": "false",
                            "ebs_block_device.#": "0",
                            "ebs_optimized": "false",
                            "ephemeral_block_device.#": "0",
                            "get_password_data": "false",
                            "iam_instance_profile": "",
                            "id": "i-053a590a055914d00",
                            "instance_state": "running",
                            "instance_type": "t2.medium",
                            "ipv6_addresses.#": "0",
                            "key_name": "DEVOPS_Practiace",
                            "monitoring": "false",
                            "network_interface.#": "0",
                            "network_interface_id": "eni-0b715949c42d21e05",
                            "password_data": "",
                            "placement_group": "",
                            "primary_network_interface_id": "eni-0b715949c42d21e05",
                            "private_dns": "ip-172-31-9-219.us-west-2.compute.internal",
                            "private_ip": "172.31.9.219",
                            "public_dns": "ec2-34-222-216-225.us-west-2.compute.amazonaws.com",
                            "public_ip": "34.222.216.225",
                            "root_block_device.#": "1",
                            "root_block_device.0.delete_on_termination": "true",
                            "root_block_device.0.iops": "100",
                            "root_block_device.0.volume_id": "vol-043c02845a1483b01",
                            "root_block_device.0.volume_size": "8",
                            "root_block_device.0.volume_type": "gp2",
                            "security_groups.#": "2",
                            "security_groups.2476538096": "devops_trainning",
                            "security_groups.549910234": "http_public",
                            "source_dest_check": "true",
                            "subnet_id": "subnet-327cb369",
                            "tags.%": "2",
                            "tags.Name": "jenkinsServer",
                            "tags.Purpose": "jenkinsServer",
                            "tenancy": "default",
                            "volume_tags.%": "0",
                            "vpc_security_group_ids.#": "2",
                            "vpc_security_group_ids.1473143273": "sg-0c478527fcada9e0d",
                            "vpc_security_group_ids.3099532751": "sg-08c36ac62f8cdbf56"
                        },
                        "meta": {
                            "e2bfb730-ecaa-11e6-8f88-34363bc7c4c0": {
                                "create": 600000000000,
                                "delete": 1200000000000,
                                "update": 600000000000
                            },
                            "schema_version": "1"
                        },
                        "tainted": false
                    },
                    "deposed": [],
                    "provider": "provider.aws"
                },
                "aws_route53_record.jenkins_dns": {
                    "type": "aws_route53_record",
                    "depends_on": [
                        "aws_instance.jenkins_server"
                    ],
                    "primary": {
                        "id": "Z2ZYJ49R60B5A2_jenkins-devops.inspur.io_A",
                        "attributes": {
                            "allow_overwrite": "true",
                            "fqdn": "jenkins-devops.inspur.io",
                            "id": "Z2ZYJ49R60B5A2_jenkins-devops.inspur.io_A",
                            "name": "jenkins-devops.inspur.io",
                            "records.#": "1",
                            "records.3264084971": "34.222.216.225",
                            "ttl": "300",
                            "type": "A",
                            "zone_id": "Z2ZYJ49R60B5A2"
                        },
                        "meta": {
                            "schema_version": "2"
                        },
                        "tainted": false
                    },
                    "deposed": [],
                    "provider": "provider.aws"
                },
                "aws_security_group.http_public": {
                    "type": "aws_security_group",
                    "depends_on": [
                        "data.aws_security_group.devops_sg"
                    ],
                    "primary": {
                        "id": "sg-08c36ac62f8cdbf56",
                        "attributes": {
                            "arn": "arn:aws:ec2:us-west-2:939159387030:security-group/sg-08c36ac62f8cdbf56",
                            "description": "Allow http inbound traffic",
                            "egress.#": "0",
                            "id": "sg-08c36ac62f8cdbf56",
                            "ingress.#": "1",
                            "ingress.516175195.cidr_blocks.#": "1",
                            "ingress.516175195.cidr_blocks.0": "0.0.0.0/0",
                            "ingress.516175195.description": "",
                            "ingress.516175195.from_port": "8080",
                            "ingress.516175195.ipv6_cidr_blocks.#": "0",
                            "ingress.516175195.prefix_list_ids.#": "0",
                            "ingress.516175195.protocol": "tcp",
                            "ingress.516175195.security_groups.#": "0",
                            "ingress.516175195.self": "false",
                            "ingress.516175195.to_port": "8080",
                            "name": "http_public",
                            "owner_id": "939159387030",
                            "revoke_rules_on_delete": "false",
                            "tags.%": "0",
                            "vpc_id": "vpc-6f677108"
                        },
                        "meta": {
                            "e2bfb730-ecaa-11e6-8f88-34363bc7c4c0": {
                                "create": 600000000000,
                                "delete": 600000000000
                            },
                            "schema_version": "1"
                        },
                        "tainted": false
                    },
                    "deposed": [],
                    "provider": "provider.aws"
                },
                "data.aws_security_group.devops_sg": {
                    "type": "aws_security_group",
                    "depends_on": [],
                    "primary": {
                        "id": "sg-0c478527fcada9e0d",
                        "attributes": {
                            "arn": "arn:aws:ec2:us-west-2:939159387030:security-group/sg-0c478527fcada9e0d",
                            "description": "devops purpose",
                            "id": "sg-0c478527fcada9e0d",
                            "name": "devops_trainning",
                            "tags.%": "1",
                            "tags.Name": "devops_trainning",
                            "vpc_id": "vpc-6f677108"
                        },
                        "meta": {},
                        "tainted": false
                    },
                    "deposed": [],
                    "provider": "provider.aws"
                }
            },
            "depends_on": []
        }
    ]
}
